
Microsoft Visual Studio Solution File, Format Version 12.00
# Visual Studio Version 16
VisualStudioVersion = 25.0.1706.8
MinimumVisualStudioVersion = 10.0.40219.1
Project("{FAE04EC0-301F-11D3-BF4B-00C04F79EFBC}") = "Recipes", "Recipes\Recipes.csproj", "{34DAC7FF-5DBB-49B9-91A3-1D550BA7D0EA}"
EndProject
Project("{FAE04EC0-301F-11D3-BF4B-00C04F79EFBC}") = "RecipeWeb", "RecipeWeb\RecipeWeb.csproj", "{39CCB927-9CBD-4D67-BEA1-BEAB9CF098CE}"
EndProject
Global
	GlobalSection(SolutionConfigurationPlatforms) = preSolution
		Debug|Any CPU = Debug|Any CPU
		Release|Any CPU = Release|Any CPU
	EndGlobalSection
	GlobalSection(ProjectConfigurationPlatforms) = postSolution
		{34DAC7FF-5DBB-49B9-91A3-1D550BA7D0EA}.Debug|Any CPU.ActiveCfg = Debug|Any CPU
		{34DAC7FF-5DBB-49B9-91A3-1D550BA7D0EA}.Debug|Any CPU.Build.0 = Debug|Any CPU
		{34DAC7FF-5DBB-49B9-91A3-1D550BA7D0EA}.Release|Any CPU.ActiveCfg = Release|Any CPU
		{34DAC7FF-5DBB-49B9-91A3-1D550BA7D0EA}.Release|Any CPU.Build.0 = Release|Any CPU
		{39CCB927-9CBD-4D67-BEA1-BEAB9CF098CE}.Debug|Any CPU.ActiveCfg = Debug|Any CPU
		{39CCB927-9CBD-4D67-BEA1-BEAB9CF098CE}.Debug|Any CPU.Build.0 = Debug|Any CPU
		{39CCB927-9CBD-4D67-BEA1-BEAB9CF098CE}.Release|Any CPU.ActiveCfg = Release|Any CPU
		{39CCB927-9CBD-4D67-BEA1-BEAB9CF098CE}.Release|Any CPU.Build.0 = Release|Any CPU
	EndGlobalSection
	GlobalSection(SolutionProperties) = preSolution
		HideSolutionNode = FALSE
	EndGlobalSection
	GlobalSection(ExtensibilityGlobals) = postSolution
		SolutionGuid = {BC6E859D-0AC8-4FFC-B64A-918493F963D8}
	EndGlobalSection
EndGlobal
